
Microsoft Visual Studio Solution File, Format Version 12.00
# Visual Studio Version 16
VisualStudioVersion = 16.0.31005.135
MinimumVisualStudioVersion = 10.0.40219.1
Project("{9A19103F-16F7-4668-BE54-9A1E7A4F7556}") = "Intro.Sender", "Intro.Sender\Intro.Sender.csproj", "{C8EAF4B0-37A3-4D06-B715-90039603ECC4}"
EndProject
Project("{9A19103F-16F7-4668-BE54-9A1E7A4F7556}") = "Intro.Models", "..\Intro.Models\Intro.Models.csproj", "{64BEE8B8-30BA-4D5F-99CC-DF8A7D6EE198}"
EndProject
Project("{9A19103F-16F7-4668-BE54-9A1E7A4F7556}") = "Intro.Receiver", "..\Intro.Receiver\Intro.Receiver.csproj", "{79BA3523-7BDE-4B2A-830C-97B602AEB666}"
EndProject
Project("{2150E333-8FDC-42A3-9474-1A3956D46DE8}") = "Fifo", "Fifo", "{A36967CF-1663-41B3-A563-D2C47ACD256F}"
EndProject
Project("{2150E333-8FDC-42A3-9474-1A3956D46DE8}") = "Standard", "Standard", "{2F55CEF3-9022-46AB-80B3-3C6B6B76026F}"
EndProject
Project("{FAE04EC0-301F-11D3-BF4B-00C04F79EFBC}") = "MyApp.Models", "MyApp.Models\MyApp.Models.csproj", "{630354E8-D9C1-4AD1-88A5-C786BBC1EF38}"
EndProject
Project("{FAE04EC0-301F-11D3-BF4B-00C04F79EFBC}") = "MyApp.Queue.Sender", "MyApp.Queue.Sender\MyApp.Queue.Sender.csproj", "{6EF740EA-07D6-4EC0-AA97-65485536D5A5}"
EndProject
Project("{FAE04EC0-301F-11D3-BF4B-00C04F79EFBC}") = "MyApp.Queue.Receiver", "MyApp.Queue.Receiver\MyApp.Queue.Receiver.csproj", "{D88950CE-2F9F-4A84-AE99-B29D81D4239A}"
EndProject
Global
	GlobalSection(SolutionConfigurationPlatforms) = preSolution
		Debug|Any CPU = Debug|Any CPU
		Release|Any CPU = Release|Any CPU
	EndGlobalSection
	GlobalSection(ProjectConfigurationPlatforms) = postSolution
		{C8EAF4B0-37A3-4D06-B715-90039603ECC4}.Debug|Any CPU.ActiveCfg = Debug|Any CPU
		{C8EAF4B0-37A3-4D06-B715-90039603ECC4}.Debug|Any CPU.Build.0 = Debug|Any CPU
		{C8EAF4B0-37A3-4D06-B715-90039603ECC4}.Release|Any CPU.ActiveCfg = Release|Any CPU
		{C8EAF4B0-37A3-4D06-B715-90039603ECC4}.Release|Any CPU.Build.0 = Release|Any CPU
		{64BEE8B8-30BA-4D5F-99CC-DF8A7D6EE198}.Debug|Any CPU.ActiveCfg = Debug|Any CPU
		{64BEE8B8-30BA-4D5F-99CC-DF8A7D6EE198}.Debug|Any CPU.Build.0 = Debug|Any CPU
		{64BEE8B8-30BA-4D5F-99CC-DF8A7D6EE198}.Release|Any CPU.ActiveCfg = Release|Any CPU
		{64BEE8B8-30BA-4D5F-99CC-DF8A7D6EE198}.Release|Any CPU.Build.0 = Release|Any CPU
		{79BA3523-7BDE-4B2A-830C-97B602AEB666}.Debug|Any CPU.ActiveCfg = Debug|Any CPU
		{79BA3523-7BDE-4B2A-830C-97B602AEB666}.Debug|Any CPU.Build.0 = Debug|Any CPU
		{79BA3523-7BDE-4B2A-830C-97B602AEB666}.Release|Any CPU.ActiveCfg = Release|Any CPU
		{79BA3523-7BDE-4B2A-830C-97B602AEB666}.Release|Any CPU.Build.0 = Release|Any CPU
		{630354E8-D9C1-4AD1-88A5-C786BBC1EF38}.Debug|Any CPU.ActiveCfg = Debug|Any CPU
		{630354E8-D9C1-4AD1-88A5-C786BBC1EF38}.Debug|Any CPU.Build.0 = Debug|Any CPU
		{630354E8-D9C1-4AD1-88A5-C786BBC1EF38}.Release|Any CPU.ActiveCfg = Release|Any CPU
		{630354E8-D9C1-4AD1-88A5-C786BBC1EF38}.Release|Any CPU.Build.0 = Release|Any CPU
		{6EF740EA-07D6-4EC0-AA97-65485536D5A5}.Debug|Any CPU.ActiveCfg = Debug|Any CPU
		{6EF740EA-07D6-4EC0-AA97-65485536D5A5}.Debug|Any CPU.Build.0 = Debug|Any CPU
		{6EF740EA-07D6-4EC0-AA97-65485536D5A5}.Release|Any CPU.ActiveCfg = Release|Any CPU
		{6EF740EA-07D6-4EC0-AA97-65485536D5A5}.Release|Any CPU.Build.0 = Release|Any CPU
		{D88950CE-2F9F-4A84-AE99-B29D81D4239A}.Debug|Any CPU.ActiveCfg = Debug|Any CPU
		{D88950CE-2F9F-4A84-AE99-B29D81D4239A}.Debug|Any CPU.Build.0 = Debug|Any CPU
		{D88950CE-2F9F-4A84-AE99-B29D81D4239A}.Release|Any CPU.ActiveCfg = Release|Any CPU
		{D88950CE-2F9F-4A84-AE99-B29D81D4239A}.Release|Any CPU.Build.0 = Release|Any CPU
	EndGlobalSection
	GlobalSection(SolutionProperties) = preSolution
		HideSolutionNode = FALSE
	EndGlobalSection
	GlobalSection(NestedProjects) = preSolution
		{C8EAF4B0-37A3-4D06-B715-90039603ECC4} = {A36967CF-1663-41B3-A563-D2C47ACD256F}
		{64BEE8B8-30BA-4D5F-99CC-DF8A7D6EE198} = {A36967CF-1663-41B3-A563-D2C47ACD256F}
		{79BA3523-7BDE-4B2A-830C-97B602AEB666} = {A36967CF-1663-41B3-A563-D2C47ACD256F}
		{630354E8-D9C1-4AD1-88A5-C786BBC1EF38} = {2F55CEF3-9022-46AB-80B3-3C6B6B76026F}
		{6EF740EA-07D6-4EC0-AA97-65485536D5A5} = {2F55CEF3-9022-46AB-80B3-3C6B6B76026F}
		{D88950CE-2F9F-4A84-AE99-B29D81D4239A} = {2F55CEF3-9022-46AB-80B3-3C6B6B76026F}
	EndGlobalSection
	GlobalSection(ExtensibilityGlobals) = postSolution
		SolutionGuid = {6F2B0E4A-92BC-46E9-B73A-D1687156B344}
	EndGlobalSection
EndGlobal
